{
  "name": "event_test",
  "lockfileVersion": 3,
  "requires": true,
  "packages": {
    "": {
      "dependencies": {
        "@opentelemetry/api": "^1.8.0",
        "@opentelemetry/exporter-collector": "^0.25.0",
        "@opentelemetry/exporter-trace-otlp-http": "^0.51.0",
        "@opentelemetry/sdk-trace-base": "^1.24.0",
        "@opentelemetry/sdk-trace-node": "^1.24.0"
      }
    },
    "node_modules/@opentelemetry/api": {
      "version": "1.8.0",
      "resolved": "https://registry.npmjs.org/@opentelemetry/api/-/api-1.8.0.tgz",
      "integrity": "sha512-I/s6F7yKUDdtMsoBWXJe8Qz40Tui5vsuKCWJEWVL+5q9sSWRzzx6v2KeNsOBEwd94j0eWkpWCH4yB6rZg9Mf0w==",
      "engines": {
        "node": ">=8.0.0"
      }
    },
    "node_modules/@opentelemetry/api-logs": {
      "version": "0.51.0",
      "resolved": "https://registry.npmjs.org/@opentelemetry/api-logs/-/api-logs-0.51.0.tgz",
      "integrity": "sha512-m/jtfBPEIXS1asltl8fPQtO3Sb1qMpuL61unQajUmM8zIxeMF1AlqzWXM3QedcYgTTFiJCew5uJjyhpmqhc0+g==",
      "dependencies": {
        "@opentelemetry/api": "^1.0.0"
      },
      "engines": {
        "node": ">=14"
      }
    },
    "node_modules/@opentelemetry/api-metrics": {
      "version": "0.25.0",
      "resolved": "https://registry.npmjs.org/@opentelemetry/api-metrics/-/api-metrics-0.25.0.tgz",
      "integrity": "sha512-9T0c9NQAEGRujUC7HzPa2/qZ5px/UvB2sfSU5CAKFRrAlDl2gn25B0oUbDqSRHW/IG1X2rnQ3z2bBQkJyJvE4g==",
      "deprecated": "Please use @opentelemetry/api >= 1.3.0",
      "engines": {
        "node": ">=8.0.0"
      },
      "peerDependencies": {
        "@opentelemetry/api": "^1.0.2"
      }
    },
    "node_modules/@opentelemetry/context-async-hooks": {
      "version": "1.24.0",
      "resolved": "https://registry.npmjs.org/@opentelemetry/context-async-hooks/-/context-async-hooks-1.24.0.tgz",
      "integrity": "sha512-s7xaQ9ifDpJvwbWRLkZD/J5hY35w+MECm4TQUkg6szRcny9lf6oVhWij4w3JJFQgvHQMXU7oXOpX8Z05HxV/8g==",
      "engines": {
        "node": ">=14"
      },
      "peerDependencies": {
        "@opentelemetry/api": ">=1.0.0 <1.9.0"
      }
    },
    "node_modules/@opentelemetry/core": {
      "version": "0.25.0",
      "resolved": "https://registry.npmjs.org/@opentelemetry/core/-/core-0.25.0.tgz",
      "integrity": "sha512-8OTWF4vfCENU112XB5ElLqf0eq/FhsY0SBvvY65vB3+fbZ2Oi+CPsRASrUZWGtC9MJ5rK2lBlY+/jI4a/NPPBg==",
      "dependencies": {
        "@opentelemetry/semantic-conventions": "0.25.0",
        "semver": "^7.3.5"
      },
      "engines": {
        "node": ">=8.5.0"
      },
      "peerDependencies": {
        "@opentelemetry/api": "^1.0.2"
      }
    },
    "node_modules/@opentelemetry/exporter-collector": {
      "version": "0.25.0",
      "resolved": "https://registry.npmjs.org/@opentelemetry/exporter-collector/-/exporter-collector-0.25.0.tgz",
      "integrity": "sha512-xZYstLt4hz1aTloJaepWdjMMf9305MqwqbUWjcU/X9pOxvgFWRlchO6x/HQTw7ow0i/S+ShzC+greKnb+1WvLA==",
      "deprecated": "Please use trace and metric specific exporters @opentelemetry/exporter-trace-otlp-http and @opentelemetry/exporter-metrics-otlp-http",
      "dependencies": {
        "@opentelemetry/api-metrics": "0.25.0",
        "@opentelemetry/core": "0.25.0",
        "@opentelemetry/resources": "0.25.0",
        "@opentelemetry/sdk-metrics-base": "0.25.0",
        "@opentelemetry/sdk-trace-base": "0.25.0"
      },
      "engines": {
        "node": ">=8.0.0"
      },
      "peerDependencies": {
        "@opentelemetry/api": "^1.0.2"
      }
    },
    "node_modules/@opentelemetry/exporter-collector/node_modules/@opentelemetry/sdk-trace-base": {
      "version": "0.25.0",
      "resolved": "https://registry.npmjs.org/@opentelemetry/sdk-trace-base/-/sdk-trace-base-0.25.0.tgz",
      "integrity": "sha512-TInkLSF/ThM3GNVM+9tgnCVjyNLnRxvAkG585Fhu0HNwaEtCTUwI0r7AvMRIREOreeRWttBG6kvT0LOKdo8yjw==",
      "dependencies": {
        "@opentelemetry/core": "0.25.0",
        "@opentelemetry/resources": "0.25.0",
        "@opentelemetry/semantic-conventions": "0.25.0",
        "lodash.merge": "^4.6.2"
      },
      "engines": {
        "node": ">=8.0.0"
      },
      "peerDependencies": {
        "@opentelemetry/api": "^1.0.2"
      }
    },
    "node_modules/@opentelemetry/exporter-trace-otlp-http": {
      "version": "0.51.0",
      "resolved": "https://registry.npmjs.org/@opentelemetry/exporter-trace-otlp-http/-/exporter-trace-otlp-http-0.51.0.tgz",
      "integrity": "sha512-zODqnLZmPOxj9CarFv0TrVlx9mgj0TfCMCiUiTdNi9iA2rgdKVo+bjJjpYF6LCTJOQCR5TScAUCKyzwkgDI+iA==",
      "dependencies": {
        "@opentelemetry/core": "1.24.0",
        "@opentelemetry/otlp-exporter-base": "0.51.0",
        "@opentelemetry/otlp-transformer": "0.51.0",
        "@opentelemetry/resources": "1.24.0",
        "@opentelemetry/sdk-trace-base": "1.24.0"
      },
      "engines": {
        "node": ">=14"
      },
      "peerDependencies": {
        "@opentelemetry/api": "^1.0.0"
      }
    },
    "node_modules/@opentelemetry/exporter-trace-otlp-http/node_modules/@opentelemetry/core": {
      "version": "1.24.0",
      "resolved": "https://registry.npmjs.org/@opentelemetry/core/-/core-1.24.0.tgz",
      "integrity": "sha512-FP2oN7mVPqcdxJDTTnKExj4mi91EH+DNuArKfHTjPuJWe2K1JfMIVXNfahw1h3onJxQnxS8K0stKkogX05s+Aw==",
      "dependencies": {
        "@opentelemetry/semantic-conventions": "1.24.0"
      },
      "engines": {
        "node": ">=14"
      },
      "peerDependencies": {
        "@opentelemetry/api": ">=1.0.0 <1.9.0"
      }
    },
    "node_modules/@opentelemetry/exporter-trace-otlp-http/node_modules/@opentelemetry/resources": {
      "version": "1.24.0",
      "resolved": "https://registry.npmjs.org/@opentelemetry/resources/-/resources-1.24.0.tgz",
      "integrity": "sha512-mxC7E7ocUS1tLzepnA7O9/G8G6ZTdjCH2pXme1DDDuCuk6n2/53GADX+GWBuyX0dfIxeMInIbJAdjlfN9GNr6A==",
      "dependencies": {
        "@opentelemetry/core": "1.24.0",
        "@opentelemetry/semantic-conventions": "1.24.0"
      },
      "engines": {
        "node": ">=14"
      },
      "peerDependencies": {
        "@opentelemetry/api": ">=1.0.0 <1.9.0"
      }
    },
    "node_modules/@opentelemetry/exporter-trace-otlp-http/node_modules/@opentelemetry/semantic-conventions": {
      "version": "1.24.0",
      "resolved": "https://registry.npmjs.org/@opentelemetry/semantic-conventions/-/semantic-conventions-1.24.0.tgz",
      "integrity": "sha512-yL0jI6Ltuz8R+Opj7jClGrul6pOoYrdfVmzQS4SITXRPH7I5IRZbrwe/6/v8v4WYMa6MYZG480S1+uc/IGfqsA==",
      "engines": {
        "node": ">=14"
      }
    },
    "node_modules/@opentelemetry/otlp-exporter-base": {
      "version": "0.51.0",
      "resolved": "https://registry.npmjs.org/@opentelemetry/otlp-exporter-base/-/otlp-exporter-base-0.51.0.tgz",
      "integrity": "sha512-hR4c9vWVz1QgzCBSyy9zSDkvfTgaK96E6/tfVP6O4dzdZW9HqWimA3lXV/KXadEGqShvM4GToz9EHp2A5RU5bQ==",
      "dependencies": {
        "@opentelemetry/core": "1.24.0"
      },
      "engines": {
        "node": ">=14"
      },
      "peerDependencies": {
        "@opentelemetry/api": "^1.0.0"
      }
    },
    "node_modules/@opentelemetry/otlp-exporter-base/node_modules/@opentelemetry/core": {
      "version": "1.24.0",
      "resolved": "https://registry.npmjs.org/@opentelemetry/core/-/core-1.24.0.tgz",
      "integrity": "sha512-FP2oN7mVPqcdxJDTTnKExj4mi91EH+DNuArKfHTjPuJWe2K1JfMIVXNfahw1h3onJxQnxS8K0stKkogX05s+Aw==",
      "dependencies": {
        "@opentelemetry/semantic-conventions": "1.24.0"
      },
      "engines": {
        "node": ">=14"
      },
      "peerDependencies": {
        "@opentelemetry/api": ">=1.0.0 <1.9.0"
      }
    },
    "node_modules/@opentelemetry/otlp-exporter-base/node_modules/@opentelemetry/semantic-conventions": {
      "version": "1.24.0",
      "resolved": "https://registry.npmjs.org/@opentelemetry/semantic-conventions/-/semantic-conventions-1.24.0.tgz",
      "integrity": "sha512-yL0jI6Ltuz8R+Opj7jClGrul6pOoYrdfVmzQS4SITXRPH7I5IRZbrwe/6/v8v4WYMa6MYZG480S1+uc/IGfqsA==",
      "engines": {
        "node": ">=14"
      }
    },
    "node_modules/@opentelemetry/otlp-transformer": {
      "version": "0.51.0",
      "resolved": "https://registry.npmjs.org/@opentelemetry/otlp-transformer/-/otlp-transformer-0.51.0.tgz",
      "integrity": "sha512-ylLgx2xumVoSefDHP9GMAU/LG+TU3+8eacVDXV5o1RqWxsdVOaQmCTY0XyDgeRTn6hIOVAq/HHQbRq3iWOrt2A==",
      "dependencies": {
        "@opentelemetry/api-logs": "0.51.0",
        "@opentelemetry/core": "1.24.0",
        "@opentelemetry/resources": "1.24.0",
        "@opentelemetry/sdk-logs": "0.51.0",
        "@opentelemetry/sdk-metrics": "1.24.0",
        "@opentelemetry/sdk-trace-base": "1.24.0"
      },
      "engines": {
        "node": ">=14"
      },
      "peerDependencies": {
        "@opentelemetry/api": ">=1.3.0 <1.9.0"
      }
    },
    "node_modules/@opentelemetry/otlp-transformer/node_modules/@opentelemetry/core": {
      "version": "1.24.0",
      "resolved": "https://registry.npmjs.org/@opentelemetry/core/-/core-1.24.0.tgz",
      "integrity": "sha512-FP2oN7mVPqcdxJDTTnKExj4mi91EH+DNuArKfHTjPuJWe2K1JfMIVXNfahw1h3onJxQnxS8K0stKkogX05s+Aw==",
      "dependencies": {
        "@opentelemetry/semantic-conventions": "1.24.0"
      },
      "engines": {
        "node": ">=14"
      },
      "peerDependencies": {
        "@opentelemetry/api": ">=1.0.0 <1.9.0"
      }
    },
    "node_modules/@opentelemetry/otlp-transformer/node_modules/@opentelemetry/resources": {
      "version": "1.24.0",
      "resolved": "https://registry.npmjs.org/@opentelemetry/resources/-/resources-1.24.0.tgz",
      "integrity": "sha512-mxC7E7ocUS1tLzepnA7O9/G8G6ZTdjCH2pXme1DDDuCuk6n2/53GADX+GWBuyX0dfIxeMInIbJAdjlfN9GNr6A==",
      "dependencies": {
        "@opentelemetry/core": "1.24.0",
        "@opentelemetry/semantic-conventions": "1.24.0"
      },
      "engines": {
        "node": ">=14"
      },
      "peerDependencies": {
        "@opentelemetry/api": ">=1.0.0 <1.9.0"
      }
    },
    "node_modules/@opentelemetry/otlp-transformer/node_modules/@opentelemetry/semantic-conventions": {
      "version": "1.24.0",
      "resolved": "https://registry.npmjs.org/@opentelemetry/semantic-conventions/-/semantic-conventions-1.24.0.tgz",
      "integrity": "sha512-yL0jI6Ltuz8R+Opj7jClGrul6pOoYrdfVmzQS4SITXRPH7I5IRZbrwe/6/v8v4WYMa6MYZG480S1+uc/IGfqsA==",
      "engines": {
        "node": ">=14"
      }
    },
    "node_modules/@opentelemetry/propagator-b3": {
      "version": "1.24.0",
      "resolved": "https://registry.npmjs.org/@opentelemetry/propagator-b3/-/propagator-b3-1.24.0.tgz",
      "integrity": "sha512-7TMIDE4+NO5vnkor+zned42wqca+hmhW5gWKhmYjUHC5B5uojo1PvtmBrd7kigFu96XvL4ZUWVzibWRWIQ/++Q==",
      "dependencies": {
        "@opentelemetry/core": "1.24.0"
      },
      "engines": {
        "node": ">=14"
      },
      "peerDependencies": {
        "@opentelemetry/api": ">=1.0.0 <1.9.0"
      }
    },
    "node_modules/@opentelemetry/propagator-b3/node_modules/@opentelemetry/core": {
      "version": "1.24.0",
      "resolved": "https://registry.npmjs.org/@opentelemetry/core/-/core-1.24.0.tgz",
      "integrity": "sha512-FP2oN7mVPqcdxJDTTnKExj4mi91EH+DNuArKfHTjPuJWe2K1JfMIVXNfahw1h3onJxQnxS8K0stKkogX05s+Aw==",
      "dependencies": {
        "@opentelemetry/semantic-conventions": "1.24.0"
      },
      "engines": {
        "node": ">=14"
      },
      "peerDependencies": {
        "@opentelemetry/api": ">=1.0.0 <1.9.0"
      }
    },
    "node_modules/@opentelemetry/propagator-b3/node_modules/@opentelemetry/semantic-conventions": {
      "version": "1.24.0",
      "resolved": "https://registry.npmjs.org/@opentelemetry/semantic-conventions/-/semantic-conventions-1.24.0.tgz",
      "integrity": "sha512-yL0jI6Ltuz8R+Opj7jClGrul6pOoYrdfVmzQS4SITXRPH7I5IRZbrwe/6/v8v4WYMa6MYZG480S1+uc/IGfqsA==",
      "engines": {
        "node": ">=14"
      }
    },
    "node_modules/@opentelemetry/propagator-jaeger": {
      "version": "1.24.0",
      "resolved": "https://registry.npmjs.org/@opentelemetry/propagator-jaeger/-/propagator-jaeger-1.24.0.tgz",
      "integrity": "sha512-r3MX3AmJiUeiWTXSDOdwBeaO+ahvWcFCpuKxmhhsH8Q8LqDnjhNd3krqBh4Qsq9wa0WhWtiQaDs/NOCWoMOlOw==",
      "dependencies": {
        "@opentelemetry/core": "1.24.0"
      },
      "engines": {
        "node": ">=14"
      },
      "peerDependencies": {
        "@opentelemetry/api": ">=1.0.0 <1.9.0"
      }
    },
    "node_modules/@opentelemetry/propagator-jaeger/node_modules/@opentelemetry/core": {
      "version": "1.24.0",
      "resolved": "https://registry.npmjs.org/@opentelemetry/core/-/core-1.24.0.tgz",
      "integrity": "sha512-FP2oN7mVPqcdxJDTTnKExj4mi91EH+DNuArKfHTjPuJWe2K1JfMIVXNfahw1h3onJxQnxS8K0stKkogX05s+Aw==",
      "dependencies": {
        "@opentelemetry/semantic-conventions": "1.24.0"
      },
      "engines": {
        "node": ">=14"
      },
      "peerDependencies": {
        "@opentelemetry/api": ">=1.0.0 <1.9.0"
      }
    },
    "node_modules/@opentelemetry/propagator-jaeger/node_modules/@opentelemetry/semantic-conventions": {
      "version": "1.24.0",
      "resolved": "https://registry.npmjs.org/@opentelemetry/semantic-conventions/-/semantic-conventions-1.24.0.tgz",
      "integrity": "sha512-yL0jI6Ltuz8R+Opj7jClGrul6pOoYrdfVmzQS4SITXRPH7I5IRZbrwe/6/v8v4WYMa6MYZG480S1+uc/IGfqsA==",
      "engines": {
        "node": ">=14"
      }
    },
    "node_modules/@opentelemetry/resources": {
      "version": "0.25.0",
      "resolved": "https://registry.npmjs.org/@opentelemetry/resources/-/resources-0.25.0.tgz",
      "integrity": "sha512-O46u53vDBlxCML8O9dIjsRcCC2VT5ri1upwhp02ITobgJ16aVD/iScCo1lPl/x2E7yq9uwzMINENiiYZRFb6XA==",
      "dependencies": {
        "@opentelemetry/core": "0.25.0",
        "@opentelemetry/semantic-conventions": "0.25.0"
      },
      "engines": {
        "node": ">=8.0.0"
      },
      "peerDependencies": {
        "@opentelemetry/api": "^1.0.2"
      }
    },
    "node_modules/@opentelemetry/sdk-logs": {
      "version": "0.51.0",
      "resolved": "https://registry.npmjs.org/@opentelemetry/sdk-logs/-/sdk-logs-0.51.0.tgz",
      "integrity": "sha512-K4fMBRFD8hQ6khk0rvYFuo6L9ymeGgByir6BcuFIgQuQ00OhYwBi9AruZz5V733Ejq7P8ObR3YyubkOUIbeVAw==",
      "dependencies": {
        "@opentelemetry/core": "1.24.0",
        "@opentelemetry/resources": "1.24.0"
      },
      "engines": {
        "node": ">=14"
      },
      "peerDependencies": {
        "@opentelemetry/api": ">=1.4.0 <1.9.0",
        "@opentelemetry/api-logs": ">=0.39.1"
      }
    },
    "node_modules/@opentelemetry/sdk-logs/node_modules/@opentelemetry/core": {
      "version": "1.24.0",
      "resolved": "https://registry.npmjs.org/@opentelemetry/core/-/core-1.24.0.tgz",
      "integrity": "sha512-FP2oN7mVPqcdxJDTTnKExj4mi91EH+DNuArKfHTjPuJWe2K1JfMIVXNfahw1h3onJxQnxS8K0stKkogX05s+Aw==",
      "dependencies": {
        "@opentelemetry/semantic-conventions": "1.24.0"
      },
      "engines": {
        "node": ">=14"
      },
      "peerDependencies": {
        "@opentelemetry/api": ">=1.0.0 <1.9.0"
      }
    },
    "node_modules/@opentelemetry/sdk-logs/node_modules/@opentelemetry/resources": {
      "version": "1.24.0",
      "resolved": "https://registry.npmjs.org/@opentelemetry/resources/-/resources-1.24.0.tgz",
      "integrity": "sha512-mxC7E7ocUS1tLzepnA7O9/G8G6ZTdjCH2pXme1DDDuCuk6n2/53GADX+GWBuyX0dfIxeMInIbJAdjlfN9GNr6A==",
      "dependencies": {
        "@opentelemetry/core": "1.24.0",
        "@opentelemetry/semantic-conventions": "1.24.0"
      },
      "engines": {
        "node": ">=14"
      },
      "peerDependencies": {
        "@opentelemetry/api": ">=1.0.0 <1.9.0"
      }
    },
    "node_modules/@opentelemetry/sdk-logs/node_modules/@opentelemetry/semantic-conventions": {
      "version": "1.24.0",
      "resolved": "https://registry.npmjs.org/@opentelemetry/semantic-conventions/-/semantic-conventions-1.24.0.tgz",
      "integrity": "sha512-yL0jI6Ltuz8R+Opj7jClGrul6pOoYrdfVmzQS4SITXRPH7I5IRZbrwe/6/v8v4WYMa6MYZG480S1+uc/IGfqsA==",
      "engines": {
        "node": ">=14"
      }
    },
    "node_modules/@opentelemetry/sdk-metrics": {
      "version": "1.24.0",
      "resolved": "https://registry.npmjs.org/@opentelemetry/sdk-metrics/-/sdk-metrics-1.24.0.tgz",
      "integrity": "sha512-4tJ+E6N019OZVB/nUW/LoK9xHxfeh88TCoaTqHeLBE9wLYfi6irWW6J9cphMav7J8Qk0D5b7/RM4VEY4dArWOA==",
      "dependencies": {
        "@opentelemetry/core": "1.24.0",
        "@opentelemetry/resources": "1.24.0",
        "lodash.merge": "^4.6.2"
      },
      "engines": {
        "node": ">=14"
      },
      "peerDependencies": {
        "@opentelemetry/api": ">=1.3.0 <1.9.0"
      }
    },
    "node_modules/@opentelemetry/sdk-metrics-base": {
      "version": "0.25.0",
      "resolved": "https://registry.npmjs.org/@opentelemetry/sdk-metrics-base/-/sdk-metrics-base-0.25.0.tgz",
      "integrity": "sha512-7fwPlAFB5Xw8mnVQfq0wqKNw3RXiAMad9T1bk5Sza9LK/L6hz8RTuHWCsFMsj+1OOSAaiPFuUMYrK1J75+2IAg==",
      "deprecated": "Please use @opentelemetry/sdk-metrics",
      "dependencies": {
        "@opentelemetry/api-metrics": "0.25.0",
        "@opentelemetry/core": "0.25.0",
        "@opentelemetry/resources": "0.25.0",
        "lodash.merge": "^4.6.2"
      },
      "engines": {
        "node": ">=8.0.0"
      },
      "peerDependencies": {
        "@opentelemetry/api": "^1.0.2"
      }
    },
    "node_modules/@opentelemetry/sdk-metrics/node_modules/@opentelemetry/core": {
      "version": "1.24.0",
      "resolved": "https://registry.npmjs.org/@opentelemetry/core/-/core-1.24.0.tgz",
      "integrity": "sha512-FP2oN7mVPqcdxJDTTnKExj4mi91EH+DNuArKfHTjPuJWe2K1JfMIVXNfahw1h3onJxQnxS8K0stKkogX05s+Aw==",
      "dependencies": {
        "@opentelemetry/semantic-conventions": "1.24.0"
      },
      "engines": {
        "node": ">=14"
      },
      "peerDependencies": {
        "@opentelemetry/api": ">=1.0.0 <1.9.0"
      }
    },
    "node_modules/@opentelemetry/sdk-metrics/node_modules/@opentelemetry/resources": {
      "version": "1.24.0",
      "resolved": "https://registry.npmjs.org/@opentelemetry/resources/-/resources-1.24.0.tgz",
      "integrity": "sha512-mxC7E7ocUS1tLzepnA7O9/G8G6ZTdjCH2pXme1DDDuCuk6n2/53GADX+GWBuyX0dfIxeMInIbJAdjlfN9GNr6A==",
      "dependencies": {
        "@opentelemetry/core": "1.24.0",
        "@opentelemetry/semantic-conventions": "1.24.0"
      },
      "engines": {
        "node": ">=14"
      },
      "peerDependencies": {
        "@opentelemetry/api": ">=1.0.0 <1.9.0"
      }
    },
    "node_modules/@opentelemetry/sdk-metrics/node_modules/@opentelemetry/semantic-conventions": {
      "version": "1.24.0",
      "resolved": "https://registry.npmjs.org/@opentelemetry/semantic-conventions/-/semantic-conventions-1.24.0.tgz",
      "integrity": "sha512-yL0jI6Ltuz8R+Opj7jClGrul6pOoYrdfVmzQS4SITXRPH7I5IRZbrwe/6/v8v4WYMa6MYZG480S1+uc/IGfqsA==",
      "engines": {
        "node": ">=14"
      }
    },
    "node_modules/@opentelemetry/sdk-trace-base": {
      "version": "1.24.0",
      "resolved": "https://registry.npmjs.org/@opentelemetry/sdk-trace-base/-/sdk-trace-base-1.24.0.tgz",
      "integrity": "sha512-H9sLETZ4jw9UJ3totV8oM5R0m4CW0ZIOLfp4NV3g0CM8HD5zGZcaW88xqzWDgiYRpctFxd+WmHtGX/Upoa2vRg==",
      "dependencies": {
        "@opentelemetry/core": "1.24.0",
        "@opentelemetry/resources": "1.24.0",
        "@opentelemetry/semantic-conventions": "1.24.0"
      },
      "engines": {
        "node": ">=14"
      },
      "peerDependencies": {
        "@opentelemetry/api": ">=1.0.0 <1.9.0"
      }
    },
    "node_modules/@opentelemetry/sdk-trace-base/node_modules/@opentelemetry/core": {
      "version": "1.24.0",
      "resolved": "https://registry.npmjs.org/@opentelemetry/core/-/core-1.24.0.tgz",
      "integrity": "sha512-FP2oN7mVPqcdxJDTTnKExj4mi91EH+DNuArKfHTjPuJWe2K1JfMIVXNfahw1h3onJxQnxS8K0stKkogX05s+Aw==",
      "dependencies": {
        "@opentelemetry/semantic-conventions": "1.24.0"
      },
      "engines": {
        "node": ">=14"
      },
      "peerDependencies": {
        "@opentelemetry/api": ">=1.0.0 <1.9.0"
      }
    },
    "node_modules/@opentelemetry/sdk-trace-base/node_modules/@opentelemetry/resources": {
      "version": "1.24.0",
      "resolved": "https://registry.npmjs.org/@opentelemetry/resources/-/resources-1.24.0.tgz",
      "integrity": "sha512-mxC7E7ocUS1tLzepnA7O9/G8G6ZTdjCH2pXme1DDDuCuk6n2/53GADX+GWBuyX0dfIxeMInIbJAdjlfN9GNr6A==",
      "dependencies": {
        "@opentelemetry/core": "1.24.0",
        "@opentelemetry/semantic-conventions": "1.24.0"
      },
      "engines": {
        "node": ">=14"
      },
      "peerDependencies": {
        "@opentelemetry/api": ">=1.0.0 <1.9.0"
      }
    },
    "node_modules/@opentelemetry/sdk-trace-base/node_modules/@opentelemetry/semantic-conventions": {
      "version": "1.24.0",
      "resolved": "https://registry.npmjs.org/@opentelemetry/semantic-conventions/-/semantic-conventions-1.24.0.tgz",
      "integrity": "sha512-yL0jI6Ltuz8R+Opj7jClGrul6pOoYrdfVmzQS4SITXRPH7I5IRZbrwe/6/v8v4WYMa6MYZG480S1+uc/IGfqsA==",
      "engines": {
        "node": ">=14"
      }
    },
    "node_modules/@opentelemetry/sdk-trace-node": {
      "version": "1.24.0",
      "resolved": "https://registry.npmjs.org/@opentelemetry/sdk-trace-node/-/sdk-trace-node-1.24.0.tgz",
      "integrity": "sha512-QgByHmM9uloTpcYEEyW9YJEIMKHFSIM677RH9pJPWWwtM2NQFbEp/8HIJw80Ymtaz6cAxg1Kay1ByqIVzq3t5g==",
      "dependencies": {
        "@opentelemetry/context-async-hooks": "1.24.0",
        "@opentelemetry/core": "1.24.0",
        "@opentelemetry/propagator-b3": "1.24.0",
        "@opentelemetry/propagator-jaeger": "1.24.0",
        "@opentelemetry/sdk-trace-base": "1.24.0",
        "semver": "^7.5.2"
      },
      "engines": {
        "node": ">=14"
      },
      "peerDependencies": {
        "@opentelemetry/api": ">=1.0.0 <1.9.0"
      }
    },
    "node_modules/@opentelemetry/sdk-trace-node/node_modules/@opentelemetry/core": {
      "version": "1.24.0",
      "resolved": "https://registry.npmjs.org/@opentelemetry/core/-/core-1.24.0.tgz",
      "integrity": "sha512-FP2oN7mVPqcdxJDTTnKExj4mi91EH+DNuArKfHTjPuJWe2K1JfMIVXNfahw1h3onJxQnxS8K0stKkogX05s+Aw==",
      "dependencies": {
        "@opentelemetry/semantic-conventions": "1.24.0"
      },
      "engines": {
        "node": ">=14"
      },
      "peerDependencies": {
        "@opentelemetry/api": ">=1.0.0 <1.9.0"
      }
    },
    "node_modules/@opentelemetry/sdk-trace-node/node_modules/@opentelemetry/semantic-conventions": {
      "version": "1.24.0",
      "resolved": "https://registry.npmjs.org/@opentelemetry/semantic-conventions/-/semantic-conventions-1.24.0.tgz",
      "integrity": "sha512-yL0jI6Ltuz8R+Opj7jClGrul6pOoYrdfVmzQS4SITXRPH7I5IRZbrwe/6/v8v4WYMa6MYZG480S1+uc/IGfqsA==",
      "engines": {
        "node": ">=14"
      }
    },
    "node_modules/@opentelemetry/semantic-conventions": {
      "version": "0.25.0",
      "resolved": "https://registry.npmjs.org/@opentelemetry/semantic-conventions/-/semantic-conventions-0.25.0.tgz",
      "integrity": "sha512-V3N+MDBiv0TUlorbgiSqk6CvcP876CYUk/41Tg6s8OIyvniTwprE6vPvFQayuABiVkGlHOxv1Mlvp0w4qNdnVg==",
      "engines": {
        "node": ">=8.0.0"
      }
    },
    "node_modules/lodash.merge": {
      "version": "4.6.2",
      "resolved": "https://registry.npmjs.org/lodash.merge/-/lodash.merge-4.6.2.tgz",
      "integrity": "sha512-0KpjqXRVvrYyCsX1swR/XTK0va6VQkQM6MNo7PqW77ByjAhoARA8EfrP1N4+KlKj8YS0ZUCtRT/YUuhyYDujIQ=="
    },
    "node_modules/lru-cache": {
      "version": "6.0.0",
      "resolved": "https://registry.npmjs.org/lru-cache/-/lru-cache-6.0.0.tgz",
      "integrity": "sha512-Jo6dJ04CmSjuznwJSS3pUeWmd/H0ffTlkXXgwZi+eq1UCmqQwCh+eLsYOYCwY991i2Fah4h1BEMCx4qThGbsiA==",
      "dependencies": {
        "yallist": "^4.0.0"
      },
      "engines": {
        "node": ">=10"
      }
    },
    "node_modules/semver": {
      "version": "7.6.0",
      "resolved": "https://registry.npmjs.org/semver/-/semver-7.6.0.tgz",
      "integrity": "sha512-EnwXhrlwXMk9gKu5/flx5sv/an57AkRplG3hTK68W7FRDN+k+OWBj65M7719OkA82XLBxrcX0KSHj+X5COhOVg==",
      "dependencies": {
        "lru-cache": "^6.0.0"
      },
      "bin": {
        "semver": "bin/semver.js"
      },
      "engines": {
        "node": ">=10"
      }
    },
    "node_modules/yallist": {
      "version": "4.0.0",
      "resolved": "https://registry.npmjs.org/yallist/-/yallist-4.0.0.tgz",
      "integrity": "sha512-3wdGidZyq5PB084XLES5TpOSRA3wjXAlIWMhum2kRcv/41Sn2emQ0dycQW4uZXLejwKvg6EsvbdlVL+FYEct7A=="
    }
  }
}
